// !$*UTF8*$!
{
	archiveVersion = 1;
	classes = {
	};
	objectVersion = 50;
	objects = {

/* Begin PBXBuildFile section */
		8E9D45BD2280AC41001162CC /* AppDelegate.swift in Sources */ = {isa = PBXBuildFile; fileRef = 8E9D45BC2280AC41001162CC /* AppDelegate.swift */; };
		8E9D45BF2280AC41001162CC /* ViewController.swift in Sources */ = {isa = PBXBuildFile; fileRef = 8E9D45BE2280AC41001162CC /* ViewController.swift */; };
		8E9D45C22280AC41001162CC /* Main.storyboard in Resources */ = {isa = PBXBuildFile; fileRef = 8E9D45C02280AC41001162CC /* Main.storyboard */; };
		8E9D45C42280AC43001162CC /* Assets.xcassets in Resources */ = {isa = PBXBuildFile; fileRef = 8E9D45C32280AC43001162CC /* Assets.xcassets */; };
		8E9D45C72280AC43001162CC /* LaunchScreen.storyboard in Resources */ = {isa = PBXBuildFile; fileRef = 8E9D45C52280AC43001162CC /* LaunchScreen.storyboard */; };
		8E9D45D22280AC43001162CC /* TapperTests.swift in Sources */ = {isa = PBXBuildFile; fileRef = 8E9D45D12280AC43001162CC /* TapperTests.swift */; };
		8E9D45F42281E941001162CC /* ScoreViewController.swift in Sources */ = {isa = PBXBuildFile; fileRef = 8E9D45F32281E941001162CC /* ScoreViewController.swift */; };
		8E9D45F62281E9B8001162CC /* Score.swift in Sources */ = {isa = PBXBuildFile; fileRef = 8E9D45F52281E9B8001162CC /* Score.swift */; };
		8E9D45F82281E9CE001162CC /* ScoreCell.swift in Sources */ = {isa = PBXBuildFile; fileRef = 8E9D45F72281E9CE001162CC /* ScoreCell.swift */; };
		8E9D45FD2281F602001162CC /* ScoreViewController.swift in Sources */ = {isa = PBXBuildFile; fileRef = 8E9D45FC2281F602001162CC /* ScoreViewController.swift */; };
		8E9D45FF2281F63B001162CC /* Color.swift in Sources */ = {isa = PBXBuildFile; fileRef = 8E9D45FE2281F63B001162CC /* Color.swift */; };
		8E9D46012281FA72001162CC /* TappingViewController.swift in Sources */ = {isa = PBXBuildFile; fileRef = 8E9D46002281FA72001162CC /* TappingViewController.swift */; };
		8E9D46032283108A001162CC /* TimeCounter.swift in Sources */ = {isa = PBXBuildFile; fileRef = 8E9D46022283108A001162CC /* TimeCounter.swift */; };
		8E9D4605228319FE001162CC /* TapCounter.swift in Sources */ = {isa = PBXBuildFile; fileRef = 8E9D4604228319FE001162CC /* TapCounter.swift */; };
		8E9D460922831C94001162CC /* UserDefAdapter.swift in Sources */ = {isa = PBXBuildFile; fileRef = 8E9D460822831C94001162CC /* UserDefAdapter.swift */; };
/* End PBXBuildFile section */

/* Begin PBXContainerItemProxy section */
		8E9D45CE2280AC43001162CC /* PBXContainerItemProxy */ = {
			isa = PBXContainerItemProxy;
			containerPortal = 8E9D45B12280AC41001162CC /* Project object */;
			proxyType = 1;
			remoteGlobalIDString = 8E9D45B82280AC41001162CC;
			remoteInfo = Tapper;
		};
/* End PBXContainerItemProxy section */

/* Begin PBXFileReference section */
		8E9D45B92280AC41001162CC /* Tapper.app */ = {isa = PBXFileReference; explicitFileType = wrapper.application; includeInIndex = 0; path = Tapper.app; sourceTree = BUILT_PRODUCTS_DIR; };
		8E9D45BC2280AC41001162CC /* AppDelegate.swift */ = {isa = PBXFileReference; lastKnownFileType = sourcecode.swift; path = AppDelegate.swift; sourceTree = "<group>"; };
		8E9D45BE2280AC41001162CC /* ViewController.swift */ = {isa = PBXFileReference; lastKnownFileType = sourcecode.swift; path = ViewController.swift; sourceTree = "<group>"; };
		8E9D45C12280AC41001162CC /* Base */ = {isa = PBXFileReference; lastKnownFileType = file.storyboard; name = Base; path = Base.lproj/Main.storyboard; sourceTree = "<group>"; };
		8E9D45C32280AC43001162CC /* Assets.xcassets */ = {isa = PBXFileReference; lastKnownFileType = folder.assetcatalog; path = Assets.xcassets; sourceTree = "<group>"; };
		8E9D45C62280AC43001162CC /* Base */ = {isa = PBXFileReference; lastKnownFileType = file.storyboard; name = Base; path = Base.lproj/LaunchScreen.storyboard; sourceTree = "<group>"; };
		8E9D45C82280AC43001162CC /* Info.plist */ = {isa = PBXFileReference; lastKnownFileType = text.plist.xml; path = Info.plist; sourceTree = "<group>"; };
		8E9D45CD2280AC43001162CC /* TapperTests.xctest */ = {isa = PBXFileReference; explicitFileType = wrapper.cfbundle; includeInIndex = 0; path = TapperTests.xctest; sourceTree = BUILT_PRODUCTS_DIR; };
		8E9D45D12280AC43001162CC /* TapperTests.swift */ = {isa = PBXFileReference; lastKnownFileType = sourcecode.swift; path = TapperTests.swift; sourceTree = "<group>"; };
		8E9D45D32280AC43001162CC /* Info.plist */ = {isa = PBXFileReference; lastKnownFileType = text.plist.xml; path = Info.plist; sourceTree = "<group>"; };
		8E9D45F32281E941001162CC /* ScoreViewController.swift */ = {isa = PBXFileReference; fileEncoding = 4; lastKnownFileType = sourcecode.swift; path = ScoreViewController.swift; sourceTree = "<group>"; };
		8E9D45F52281E9B8001162CC /* Score.swift */ = {isa = PBXFileReference; fileEncoding = 4; lastKnownFileType = sourcecode.swift; path = Score.swift; sourceTree = "<group>"; };
		8E9D45F72281E9CE001162CC /* ScoreCell.swift */ = {isa = PBXFileReference; fileEncoding = 4; lastKnownFileType = sourcecode.swift; path = ScoreCell.swift; sourceTree = "<group>"; };
		8E9D45FC2281F602001162CC /* ScoreViewController.swift */ = {isa = PBXFileReference; lastKnownFileType = sourcecode.swift; path = ScoreViewController.swift; sourceTree = "<group>"; };
		8E9D45FE2281F63B001162CC /* Color.swift */ = {isa = PBXFileReference; lastKnownFileType = sourcecode.swift; path = Color.swift; sourceTree = "<group>"; };
		8E9D46002281FA72001162CC /* TappingViewController.swift */ = {isa = PBXFileReference; lastKnownFileType = sourcecode.swift; path = TappingViewController.swift; sourceTree = "<group>"; };
		8E9D46022283108A001162CC /* TimeCounter.swift */ = {isa = PBXFileReference; lastKnownFileType = sourcecode.swift; path = TimeCounter.swift; sourceTree = "<group>"; };
		8E9D4604228319FE001162CC /* TapCounter.swift */ = {isa = PBXFileReference; lastKnownFileType = sourcecode.swift; path = TapCounter.swift; sourceTree = "<group>"; };
		8E9D460822831C94001162CC /* UserDefAdapter.swift */ = {isa = PBXFileReference; lastKnownFileType = sourcecode.swift; path = UserDefAdapter.swift; sourceTree = "<group>"; };
/* End PBXFileReference section */

/* Begin PBXFrameworksBuildPhase section */
		8E9D45B62280AC41001162CC /* Frameworks */ = {
			isa = PBXFrameworksBuildPhase;
			buildActionMask = 2147483647;
			files = (
			);
			runOnlyForDeploymentPostprocessing = 0;
		};
		8E9D45CA2280AC43001162CC /* Frameworks */ = {
			isa = PBXFrameworksBuildPhase;
			buildActionMask = 2147483647;
			files = (
			);
			runOnlyForDeploymentPostprocessing = 0;
		};
/* End PBXFrameworksBuildPhase section */

/* Begin PBXGroup section */
		8E9D45B02280AC41001162CC = {
			isa = PBXGroup;
			children = (
				8E9D45BB2280AC41001162CC /* Tapper */,
				8E9D45D02280AC43001162CC /* TapperTests */,
				8E9D45BA2280AC41001162CC /* Products */,
			);
			sourceTree = "<group>";
		};
		8E9D45BA2280AC41001162CC /* Products */ = {
			isa = PBXGroup;
			children = (
				8E9D45B92280AC41001162CC /* Tapper.app */,
				8E9D45CD2280AC43001162CC /* TapperTests.xctest */,
			);
			name = Products;
			sourceTree = "<group>";
		};
		8E9D45BB2280AC41001162CC /* Tapper */ = {
			isa = PBXGroup;
			children = (
				8E9D45DE2280ADC0001162CC /* Model */,
				8E9D45DD2280ADB7001162CC /* View */,
				8E9D45DC2280AD9F001162CC /* Controller */,
				8E9D45BC2280AC41001162CC /* AppDelegate.swift */,
				8E9D45C02280AC41001162CC /* Main.storyboard */,
				8E9D45C32280AC43001162CC /* Assets.xcassets */,
				8E9D45C52280AC43001162CC /* LaunchScreen.storyboard */,
				8E9D45C82280AC43001162CC /* Info.plist */,
				8E9D45FE2281F63B001162CC /* Color.swift */,
			);
			path = Tapper;
			sourceTree = "<group>";
		};
		8E9D45D02280AC43001162CC /* TapperTests */ = {
			isa = PBXGroup;
			children = (
				8E9D45FB2281F5BD001162CC /* Controller */,
				8E9D45D12280AC43001162CC /* TapperTests.swift */,
				8E9D45D32280AC43001162CC /* Info.plist */,
			);
			path = TapperTests;
			sourceTree = "<group>";
		};
		8E9D45DC2280AD9F001162CC /* Controller */ = {
			isa = PBXGroup;
			children = (
				8E9D45F32281E941001162CC /* ScoreViewController.swift */,
				8E9D45BE2280AC41001162CC /* ViewController.swift */,
				8E9D46002281FA72001162CC /* TappingViewController.swift */,
			);
			path = Controller;
			sourceTree = "<group>";
		};
		8E9D45DD2280ADB7001162CC /* View */ = {
			isa = PBXGroup;
			children = (
				8E9D45F72281E9CE001162CC /* ScoreCell.swift */,
			);
			path = View;
			sourceTree = "<group>";
		};
		8E9D45DE2280ADC0001162CC /* Model */ = {
			isa = PBXGroup;
			children = (
				8E9D45F52281E9B8001162CC /* Score.swift */,
				8E9D46022283108A001162CC /* TimeCounter.swift */,
				8E9D4604228319FE001162CC /* TapCounter.swift */,
				8E9D460822831C94001162CC /* UserDefAdapter.swift */,
			);
			path = Model;
			sourceTree = "<group>";
		};
		8E9D45FB2281F5BD001162CC /* Controller */ = {
			isa = PBXGroup;
			children = (
				8E9D45FC2281F602001162CC /* ScoreViewController.swift */,
			);
			path = Controller;
			sourceTree = "<group>";
		};
/* End PBXGroup section */

/* Begin PBXNativeTarget section */
		8E9D45B82280AC41001162CC /* Tapper */ = {
			isa = PBXNativeTarget;
			buildConfigurationList = 8E9D45D62280AC43001162CC /* Build configuration list for PBXNativeTarget "Tapper" */;
			buildPhases = (
				8E9D45B52280AC41001162CC /* Sources */,
				8E9D45B62280AC41001162CC /* Frameworks */,
				8E9D45B72280AC41001162CC /* Resources */,
			);
			buildRules = (
			);
			dependencies = (
			);
			name = Tapper;
			productName = Tapper;
			productReference = 8E9D45B92280AC41001162CC /* Tapper.app */;
			productType = "com.apple.product-type.application";
		};
		8E9D45CC2280AC43001162CC /* TapperTests */ = {
			isa = PBXNativeTarget;
			buildConfigurationList = 8E9D45D92280AC43001162CC /* Build configuration list for PBXNativeTarget "TapperTests" */;
			buildPhases = (
				8E9D45C92280AC43001162CC /* Sources */,
				8E9D45CA2280AC43001162CC /* Frameworks */,
				8E9D45CB2280AC43001162CC /* Resources */,
			);
			buildRules = (
			);
			dependencies = (
				8E9D45CF2280AC43001162CC /* PBXTargetDependency */,
			);
			name = TapperTests;
			productName = TapperTests;
			productReference = 8E9D45CD2280AC43001162CC /* TapperTests.xctest */;
			productType = "com.apple.product-type.bundle.unit-test";
		};
/* End PBXNativeTarget section */

/* Begin PBXProject section */
		8E9D45B12280AC41001162CC /* Project object */ = {
			isa = PBXProject;
			attributes = {
				LastSwiftUpdateCheck = 1020;
				LastUpgradeCheck = 1020;
				ORGANIZATIONNAME = "Rafał Kwiatkowski";
				TargetAttributes = {
					8E9D45B82280AC41001162CC = {
						CreatedOnToolsVersion = 10.2.1;
					};
					8E9D45CC2280AC43001162CC = {
						CreatedOnToolsVersion = 10.2.1;
						TestTargetID = 8E9D45B82280AC41001162CC;
					};
				};
			};
			buildConfigurationList = 8E9D45B42280AC41001162CC /* Build configuration list for PBXProject "Tapper" */;
			compatibilityVersion = "Xcode 9.3";
			developmentRegion = en;
			hasScannedForEncodings = 0;
			knownRegions = (
				en,
				Base,
			);
			mainGroup = 8E9D45B02280AC41001162CC;
			productRefGroup = 8E9D45BA2280AC41001162CC /* Products */;
			projectDirPath = "";
			projectRoot = "";
			targets = (
				8E9D45B82280AC41001162CC /* Tapper */,
				8E9D45CC2280AC43001162CC /* TapperTests */,
			);
		};
/* End PBXProject section */

/* Begin PBXResourcesBuildPhase section */
		8E9D45B72280AC41001162CC /* Resources */ = {
			isa = PBXResourcesBuildPhase;
			buildActionMask = 2147483647;
			files = (
				8E9D45C72280AC43001162CC /* LaunchScreen.storyboard in Resources */,
				8E9D45C42280AC43001162CC /* Assets.xcassets in Resources */,
				8E9D45C22280AC41001162CC /* Main.storyboard in Resources */,
			);
			runOnlyForDeploymentPostprocessing = 0;
		};
		8E9D45CB2280AC43001162CC /* Resources */ = {
			isa = PBXResourcesBuildPhase;
			buildActionMask = 2147483647;
			files = (
			);
			runOnlyForDeploymentPostprocessing = 0;
		};
/* End PBXResourcesBuildPhase section */

/* Begin PBXSourcesBuildPhase section */
		8E9D45B52280AC41001162CC /* Sources */ = {
			isa = PBXSourcesBuildPhase;
			buildActionMask = 2147483647;
			files = (
				8E9D46012281FA72001162CC /* TappingViewController.swift in Sources */,
				8E9D45BF2280AC41001162CC /* ViewController.swift in Sources */,
				8E9D45FF2281F63B001162CC /* Color.swift in Sources */,
				8E9D45BD2280AC41001162CC /* AppDelegate.swift in Sources */,
				8E9D460922831C94001162CC /* UserDefAdapter.swift in Sources */,
				8E9D46032283108A001162CC /* TimeCounter.swift in Sources */,
				8E9D45F42281E941001162CC /* ScoreViewController.swift in Sources */,
				8E9D45F82281E9CE001162CC /* ScoreCell.swift in Sources */,
				8E9D4605228319FE001162CC /* TapCounter.swift in Sources */,
				8E9D45F62281E9B8001162CC /* Score.swift in Sources */,
			);
			runOnlyForDeploymentPostprocessing = 0;
		};
		8E9D45C92280AC43001162CC /* Sources */ = {
			isa = PBXSourcesBuildPhase;
			buildActionMask = 2147483647;
			files = (
				8E9D45D22280AC43001162CC /* TapperTests.swift in Sources */,
				8E9D45FD2281F602001162CC /* ScoreViewController.swift in Sources */,
			);
			runOnlyForDeploymentPostprocessing = 0;
		};
/* End PBXSourcesBuildPhase section */

/* Begin PBXTargetDependency section */
		8E9D45CF2280AC43001162CC /* PBXTargetDependency */ = {
			isa = PBXTargetDependency;
			target = 8E9D45B82280AC41001162CC /* Tapper */;
			targetProxy = 8E9D45CE2280AC43001162CC /* PBXContainerItemProxy */;
		};
/* End PBXTargetDependency section */

/* Begin PBXVariantGroup section */
		8E9D45C02280AC41001162CC /* Main.storyboard */ = {
			isa = PBXVariantGroup;
			children = (
				8E9D45C12280AC41001162CC /* Base */,
			);
			name = Main.storyboard;
			sourceTree = "<group>";
		};
		8E9D45C52280AC43001162CC /* LaunchScreen.storyboard */ = {
			isa = PBXVariantGroup;
			children = (
				8E9D45C62280AC43001162CC /* Base */,
			);
			name = LaunchScreen.storyboard;
			sourceTree = "<group>";
		};
/* End PBXVariantGroup section */

/* Begin XCBuildConfiguration section */
		8E9D45D42280AC43001162CC /* Debug */ = {
			isa = XCBuildConfiguration;
			buildSettings = {
				ALWAYS_SEARCH_USER_PATHS = NO;
				CLANG_ANALYZER_NONNULL = YES;
				CLANG_ANALYZER_NUMBER_OBJECT_CONVERSION = YES_AGGRESSIVE;
				CLANG_CXX_LANGUAGE_STANDARD = "gnu++14";
				CLANG_CXX_LIBRARY = "libc++";
				CLANG_ENABLE_MODULES = YES;
				CLANG_ENABLE_OBJC_ARC = YES;
				CLANG_ENABLE_OBJC_WEAK = YES;
				CLANG_WARN_BLOCK_CAPTURE_AUTORELEASING = YES;
				CLANG_WARN_BOOL_CONVERSION = YES;
				CLANG_WARN_COMMA = YES;
				CLANG_WARN_CONSTANT_CONVERSION = YES;
				CLANG_WARN_DEPRECATED_OBJC_IMPLEMENTATIONS = YES;
				CLANG_WARN_DIRECT_OBJC_ISA_USAGE = YES_ERROR;
				CLANG_WARN_DOCUMENTATION_COMMENTS = YES;
				CLANG_WARN_EMPTY_BODY = YES;
				CLANG_WARN_ENUM_CONVERSION = YES;
				CLANG_WARN_INFINITE_RECURSION = YES;
				CLANG_WARN_INT_CONVERSION = YES;
				CLANG_WARN_NON_LITERAL_NULL_CONVERSION = YES;
				CLANG_WARN_OBJC_IMPLICIT_RETAIN_SELF = YES;
				CLANG_WARN_OBJC_LITERAL_CONVERSION = YES;
				CLANG_WARN_OBJC_ROOT_CLASS = YES_ERROR;
				CLANG_WARN_RANGE_LOOP_ANALYSIS = YES;
				CLANG_WARN_STRICT_PROTOTYPES = YES;
				CLANG_WARN_SUSPICIOUS_MOVE = YES;
				CLANG_WARN_UNGUARDED_AVAILABILITY = YES_AGGRESSIVE;
				CLANG_WARN_UNREACHABLE_CODE = YES;
				CLANG_WARN__DUPLICATE_METHOD_MATCH = YES;
				CODE_SIGN_IDENTITY = "iPhone Developer";
				COPY_PHASE_STRIP = NO;
				DEBUG_INFORMATION_FORMAT = dwarf;
				ENABLE_STRICT_OBJC_MSGSEND = YES;
				ENABLE_TESTABILITY = YES;
				GCC_C_LANGUAGE_STANDARD = gnu11;
				GCC_DYNAMIC_NO_PIC = NO;
				GCC_NO_COMMON_BLOCKS = YES;
				GCC_OPTIMIZATION_LEVEL = 0;
				GCC_PREPROCESSOR_DEFINITIONS = (
					"DEBUG=1",
					"$(inherited)",
				);
				GCC_WARN_64_TO_32_BIT_CONVERSION = YES;
				GCC_WARN_ABOUT_RETURN_TYPE = YES_ERROR;
				GCC_WARN_UNDECLARED_SELECTOR = YES;
				GCC_WARN_UNINITIALIZED_AUTOS = YES_AGGRESSIVE;
				GCC_WARN_UNUSED_FUNCTION = YES;
				GCC_WARN_UNUSED_VARIABLE = YES;
				IPHONEOS_DEPLOYMENT_TARGET = 12.2;
				MTL_ENABLE_DEBUG_INFO = INCLUDE_SOURCE;
				MTL_FAST_MATH = YES;
				ONLY_ACTIVE_ARCH = YES;
				SDKROOT = iphoneos;
				SWIFT_ACTIVE_COMPILATION_CONDITIONS = DEBUG;
				SWIFT_OPTIMIZATION_LEVEL = "-Onone";
			};
			name = Debug;
		};
		8E9D45D52280AC43001162CC /* Release */ = {
			isa = XCBuildConfiguration;
			buildSettings = {
				ALWAYS_SEARCH_USER_PATHS = NO;
				CLANG_ANALYZER_NONNULL = YES;
				CLANG_ANALYZER_NUMBER_OBJECT_CONVERSION = YES_AGGRESSIVE;
				CLANG_CXX_LANGUAGE_STANDARD = "gnu++14";
				CLANG_CXX_LIBRARY = "libc++";
				CLANG_ENABLE_MODULES = YES;
				CLANG_ENABLE_OBJC_ARC = YES;
				CLANG_ENABLE_OBJC_WEAK = YES;
				CLANG_WARN_BLOCK_CAPTURE_AUTORELEASING = YES;
				CLANG_WARN_BOOL_CONVERSION = YES;
				CLANG_WARN_COMMA = YES;
				CLANG_WARN_CONSTANT_CONVERSION = YES;
				CLANG_WARN_DEPRECATED_OBJC_IMPLEMENTATIONS = YES;
				CLANG_WARN_DIRECT_OBJC_ISA_USAGE = YES_ERROR;
				CLANG_WARN_DOCUMENTATION_COMMENTS = YES;
				CLANG_WARN_EMPTY_BODY = YES;
				CLANG_WARN_ENUM_CONVERSION = YES;
				CLANG_WARN_INFINITE_RECURSION = YES;
				CLANG_WARN_INT_CONVERSION = YES;
				CLANG_WARN_NON_LITERAL_NULL_CONVERSION = YES;
				CLANG_WARN_OBJC_IMPLICIT_RETAIN_SELF = YES;
				CLANG_WARN_OBJC_LITERAL_CONVERSION = YES;
				CLANG_WARN_OBJC_ROOT_CLASS = YES_ERROR;
				CLANG_WARN_RANGE_LOOP_ANALYSIS = YES;
				CLANG_WARN_STRICT_PROTOTYPES = YES;
				CLANG_WARN_SUSPICIOUS_MOVE = YES;
				CLANG_WARN_UNGUARDED_AVAILABILITY = YES_AGGRESSIVE;
				CLANG_WARN_UNREACHABLE_CODE = YES;
				CLANG_WARN__DUPLICATE_METHOD_MATCH = YES;
				CODE_SIGN_IDENTITY = "iPhone Developer";
				COPY_PHASE_STRIP = NO;
				DEBUG_INFORMATION_FORMAT = "dwarf-with-dsym";
				ENABLE_NS_ASSERTIONS = NO;
				ENABLE_STRICT_OBJC_MSGSEND = YES;
				GCC_C_LANGUAGE_STANDARD = gnu11;
				GCC_NO_COMMON_BLOCKS = YES;
				GCC_WARN_64_TO_32_BIT_CONVERSION = YES;
				GCC_WARN_ABOUT_RETURN_TYPE = YES_ERROR;
				GCC_WARN_UNDECLARED_SELECTOR = YES;
				GCC_WARN_UNINITIALIZED_AUTOS = YES_AGGRESSIVE;
				GCC_WARN_UNUSED_FUNCTION = YES;
				GCC_WARN_UNUSED_VARIABLE = YES;
				IPHONEOS_DEPLOYMENT_TARGET = 12.2;
				MTL_ENABLE_DEBUG_INFO = NO;
				MTL_FAST_MATH = YES;
				SDKROOT = iphoneos;
				SWIFT_COMPILATION_MODE = wholemodule;
				SWIFT_OPTIMIZATION_LEVEL = "-O";
				VALIDATE_PRODUCT = YES;
			};
			name = Release;
		};
		8E9D45D72280AC43001162CC /* Debug */ = {
			isa = XCBuildConfiguration;
			buildSettings = {
				ASSETCATALOG_COMPILER_APPICON_NAME = AppIcon;
				CODE_SIGN_STYLE = Automatic;
				DEVELOPMENT_TEAM = A84LK26878;
				INFOPLIST_FILE = Tapper/Info.plist;
				LD_RUNPATH_SEARCH_PATHS = (
					"$(inherited)",
					"@executable_path/Frameworks",
				);
				PRODUCT_BUNDLE_IDENTIFIER = com.rolfrider.Tapper;
				PRODUCT_NAME = "$(TARGET_NAME)";
				SWIFT_VERSION = 5.0;
				TARGETED_DEVICE_FAMILY = "1,2";
			};
			name = Debug;
		};
		8E9D45D82280AC43001162CC /* Release */ = {
			isa = XCBuildConfiguration;
			buildSettings = {
				ASSETCATALOG_COMPILER_APPICON_NAME = AppIcon;
				CODE_SIGN_STYLE = Automatic;
				DEVELOPMENT_TEAM = A84LK26878;
				INFOPLIST_FILE = Tapper/Info.plist;
				LD_RUNPATH_SEARCH_PATHS = (
					"$(inherited)",
					"@executable_path/Frameworks",
				);
				PRODUCT_BUNDLE_IDENTIFIER = com.rolfrider.Tapper;
				PRODUCT_NAME = "$(TARGET_NAME)";
				SWIFT_VERSION = 5.0;
				TARGETED_DEVICE_FAMILY = "1,2";
			};
			name = Release;
		};
		8E9D45DA2280AC43001162CC /* Debug */ = {
			isa = XCBuildConfiguration;
			buildSettings = {
				ALWAYS_EMBED_SWIFT_STANDARD_LIBRARIES = YES;
				BUNDLE_LOADER = "$(TEST_HOST)";
				CODE_SIGN_STYLE = Automatic;
				DEVELOPMENT_TEAM = A84LK26878;
				INFOPLIST_FILE = TapperTests/Info.plist;
				LD_RUNPATH_SEARCH_PATHS = (
					"$(inherited)",
					"@executable_path/Frameworks",
					"@loader_path/Frameworks",
				);
				PRODUCT_BUNDLE_IDENTIFIER = com.rolfrider.TapperTests;
				PRODUCT_NAME = "$(TARGET_NAME)";
				SWIFT_VERSION = 5.0;
				TARGETED_DEVICE_FAMILY = "1,2";
				TEST_HOST = "$(BUILT_PRODUCTS_DIR)/Tapper.app/Tapper";
			};
			name = Debug;
		};
		8E9D45DB2280AC43001162CC /* Release */ = {
			isa = XCBuildConfiguration;
			buildSettings = {
				ALWAYS_EMBED_SWIFT_STANDARD_LIBRARIES = YES;
				BUNDLE_LOADER = "$(TEST_HOST)";
				CODE_SIGN_STYLE = Automatic;
				DEVELOPMENT_TEAM = A84LK26878;
				INFOPLIST_FILE = TapperTests/Info.plist;
				LD_RUNPATH_SEARCH_PATHS = (
					"$(inherited)",
					"@executable_path/Frameworks",
					"@loader_path/Frameworks",
				);
				PRODUCT_BUNDLE_IDENTIFIER = com.rolfrider.TapperTests;
				PRODUCT_NAME = "$(TARGET_NAME)";
				SWIFT_VERSION = 5.0;
				TARGETED_DEVICE_FAMILY = "1,2";
				TEST_HOST = "$(BUILT_PRODUCTS_DIR)/Tapper.app/Tapper";
			};
			name = Release;
		};
/* End XCBuildConfiguration section */

/* Begin XCConfigurationList section */
		8E9D45B42280AC41001162CC /* Build configuration list for PBXProject "Tapper" */ = {
			isa = XCConfigurationList;
			buildConfigurations = (
				8E9D45D42280AC43001162CC /* Debug */,
				8E9D45D52280AC43001162CC /* Release */,
			);
			defaultConfigurationIsVisible = 0;
			defaultConfigurationName = Release;
		};
		8E9D45D62280AC43001162CC /* Build configuration list for PBXNativeTarget "Tapper" */ = {
			isa = XCConfigurationList;
			buildConfigurations = (
				8E9D45D72280AC43001162CC /* Debug */,
				8E9D45D82280AC43001162CC /* Release */,
			);
			defaultConfigurationIsVisible = 0;
			defaultConfigurationName = Release;
		};
		8E9D45D92280AC43001162CC /* Build configuration list for PBXNativeTarget "TapperTests" */ = {
			isa = XCConfigurationList;
			buildConfigurations = (
				8E9D45DA2280AC43001162CC /* Debug */,
				8E9D45DB2280AC43001162CC /* Release */,
			);
			defaultConfigurationIsVisible = 0;
			defaultConfigurationName = Release;
		};
/* End XCConfigurationList section */
	};
	rootObject = 8E9D45B12280AC41001162CC /* Project object */;
}
